
Microsoft Visual Studio Solution File, Format Version 12.00
# Visual Studio Version 17
VisualStudioVersion = 17.4.33110.190
MinimumVisualStudioVersion = 10.0.40219.1
Project("{FAE04EC0-301F-11D3-BF4B-00C04F79EFBC}") = "M01_Grundlagen", "Grundlagen\M01_Grundlagen.csproj", "{E1E5AF45-40F5-4F87-B1F6-2016035B531E}"
EndProject
Project("{FAE04EC0-301F-11D3-BF4B-00C04F79EFBC}") = "M02_Controls", "Controls\M02_Controls.csproj", "{93B9CC3D-D472-41FA-9182-E0472C6AFB49}"
EndProject
Project("{FAE04EC0-301F-11D3-BF4B-00C04F79EFBC}") = "Personendatenbank", "Personendatenbank\Personendatenbank.csproj", "{04094DD8-3D0F-4C12-B205-476F329806CE}"
EndProject
Project("{FAE04EC0-301F-11D3-BF4B-00C04F79EFBC}") = "M03_Container", "Container\M03_Container.csproj", "{88B682A2-4DA8-4444-8366-F04884E80ACC}"
EndProject
Project("{FAE04EC0-301F-11D3-BF4B-00C04F79EFBC}") = "M04_EventRouting", "EventRouting\M04_EventRouting.csproj", "{8146F5C3-BEFF-4783-AD36-3A24D99684B0}"
EndProject
Project("{FAE04EC0-301F-11D3-BF4B-00C04F79EFBC}") = "M05_PropertyBinding", "PropertyBinding\M05_PropertyBinding.csproj", "{205CFD2F-7AA2-49A3-84B5-4209D628C5E9}"
EndProject
Project("{FAE04EC0-301F-11D3-BF4B-00C04F79EFBC}") = "ColorPicker", "ColorPicker\ColorPicker.csproj", "{EC9531E4-9E14-4DFC-8550-BF2A01A0A332}"
EndProject
Project("{FAE04EC0-301F-11D3-BF4B-00C04F79EFBC}") = "M06_DataBinding", "DataBinding\M06_DataBinding.csproj", "{1721D66E-5367-417D-90E2-1BA9412DABF0}"
EndProject
Project("{FAE04EC0-301F-11D3-BF4B-00C04F79EFBC}") = "M07_Resources_Styles", "Ressources_Styles\M07_Resources_Styles.csproj", "{5AC9135F-690E-4145-A7BF-50BEA34367CB}"
EndProject
Project("{FAE04EC0-301F-11D3-BF4B-00C04F79EFBC}") = "M08_Templates", "Templates\M08_Templates.csproj", "{8FEB2281-8097-40DE-AF37-E9C4FBA6E776}"
EndProject
Project("{FAE04EC0-301F-11D3-BF4B-00C04F79EFBC}") = "M09_Validation", "Validation\M09_Validation.csproj", "{2962AE2B-2055-40FF-9772-FE1E55944DFD}"
EndProject
Project("{FAE04EC0-301F-11D3-BF4B-00C04F79EFBC}") = "Trigger", "Trigger\Trigger.csproj", "{D2B9BD68-BA9C-49A3-907E-7BD9877CD167}"
EndProject
Global
	GlobalSection(SolutionConfigurationPlatforms) = preSolution
		Debug|Any CPU = Debug|Any CPU
		Release|Any CPU = Release|Any CPU
	EndGlobalSection
	GlobalSection(ProjectConfigurationPlatforms) = postSolution
		{E1E5AF45-40F5-4F87-B1F6-2016035B531E}.Debug|Any CPU.ActiveCfg = Debug|Any CPU
		{E1E5AF45-40F5-4F87-B1F6-2016035B531E}.Debug|Any CPU.Build.0 = Debug|Any CPU
		{E1E5AF45-40F5-4F87-B1F6-2016035B531E}.Release|Any CPU.ActiveCfg = Release|Any CPU
		{E1E5AF45-40F5-4F87-B1F6-2016035B531E}.Release|Any CPU.Build.0 = Release|Any CPU
		{93B9CC3D-D472-41FA-9182-E0472C6AFB49}.Debug|Any CPU.ActiveCfg = Debug|Any CPU
		{93B9CC3D-D472-41FA-9182-E0472C6AFB49}.Debug|Any CPU.Build.0 = Debug|Any CPU
		{93B9CC3D-D472-41FA-9182-E0472C6AFB49}.Release|Any CPU.ActiveCfg = Release|Any CPU
		{93B9CC3D-D472-41FA-9182-E0472C6AFB49}.Release|Any CPU.Build.0 = Release|Any CPU
		{04094DD8-3D0F-4C12-B205-476F329806CE}.Debug|Any CPU.ActiveCfg = Debug|Any CPU
		{04094DD8-3D0F-4C12-B205-476F329806CE}.Debug|Any CPU.Build.0 = Debug|Any CPU
		{04094DD8-3D0F-4C12-B205-476F329806CE}.Release|Any CPU.ActiveCfg = Release|Any CPU
		{04094DD8-3D0F-4C12-B205-476F329806CE}.Release|Any CPU.Build.0 = Release|Any CPU
		{88B682A2-4DA8-4444-8366-F04884E80ACC}.Debug|Any CPU.ActiveCfg = Debug|Any CPU
		{88B682A2-4DA8-4444-8366-F04884E80ACC}.Debug|Any CPU.Build.0 = Debug|Any CPU
		{88B682A2-4DA8-4444-8366-F04884E80ACC}.Release|Any CPU.ActiveCfg = Release|Any CPU
		{88B682A2-4DA8-4444-8366-F04884E80ACC}.Release|Any CPU.Build.0 = Release|Any CPU
		{8146F5C3-BEFF-4783-AD36-3A24D99684B0}.Debug|Any CPU.ActiveCfg = Debug|Any CPU
		{8146F5C3-BEFF-4783-AD36-3A24D99684B0}.Debug|Any CPU.Build.0 = Debug|Any CPU
		{8146F5C3-BEFF-4783-AD36-3A24D99684B0}.Release|Any CPU.ActiveCfg = Release|Any CPU
		{8146F5C3-BEFF-4783-AD36-3A24D99684B0}.Release|Any CPU.Build.0 = Release|Any CPU
		{205CFD2F-7AA2-49A3-84B5-4209D628C5E9}.Debug|Any CPU.ActiveCfg = Debug|Any CPU
		{205CFD2F-7AA2-49A3-84B5-4209D628C5E9}.Debug|Any CPU.Build.0 = Debug|Any CPU
		{205CFD2F-7AA2-49A3-84B5-4209D628C5E9}.Release|Any CPU.ActiveCfg = Release|Any CPU
		{205CFD2F-7AA2-49A3-84B5-4209D628C5E9}.Release|Any CPU.Build.0 = Release|Any CPU
		{EC9531E4-9E14-4DFC-8550-BF2A01A0A332}.Debug|Any CPU.ActiveCfg = Debug|Any CPU
		{EC9531E4-9E14-4DFC-8550-BF2A01A0A332}.Debug|Any CPU.Build.0 = Debug|Any CPU
		{EC9531E4-9E14-4DFC-8550-BF2A01A0A332}.Release|Any CPU.ActiveCfg = Release|Any CPU
		{EC9531E4-9E14-4DFC-8550-BF2A01A0A332}.Release|Any CPU.Build.0 = Release|Any CPU
		{1721D66E-5367-417D-90E2-1BA9412DABF0}.Debug|Any CPU.ActiveCfg = Debug|Any CPU
		{1721D66E-5367-417D-90E2-1BA9412DABF0}.Debug|Any CPU.Build.0 = Debug|Any CPU
		{1721D66E-5367-417D-90E2-1BA9412DABF0}.Release|Any CPU.ActiveCfg = Release|Any CPU
		{1721D66E-5367-417D-90E2-1BA9412DABF0}.Release|Any CPU.Build.0 = Release|Any CPU
		{5AC9135F-690E-4145-A7BF-50BEA34367CB}.Debug|Any CPU.ActiveCfg = Debug|Any CPU
		{5AC9135F-690E-4145-A7BF-50BEA34367CB}.Debug|Any CPU.Build.0 = Debug|Any CPU
		{5AC9135F-690E-4145-A7BF-50BEA34367CB}.Release|Any CPU.ActiveCfg = Release|Any CPU
		{5AC9135F-690E-4145-A7BF-50BEA34367CB}.Release|Any CPU.Build.0 = Release|Any CPU
		{8FEB2281-8097-40DE-AF37-E9C4FBA6E776}.Debug|Any CPU.ActiveCfg = Debug|Any CPU
		{8FEB2281-8097-40DE-AF37-E9C4FBA6E776}.Debug|Any CPU.Build.0 = Debug|Any CPU
		{8FEB2281-8097-40DE-AF37-E9C4FBA6E776}.Release|Any CPU.ActiveCfg = Release|Any CPU
		{8FEB2281-8097-40DE-AF37-E9C4FBA6E776}.Release|Any CPU.Build.0 = Release|Any CPU
		{2962AE2B-2055-40FF-9772-FE1E55944DFD}.Debug|Any CPU.ActiveCfg = Debug|Any CPU
		{2962AE2B-2055-40FF-9772-FE1E55944DFD}.Debug|Any CPU.Build.0 = Debug|Any CPU
		{2962AE2B-2055-40FF-9772-FE1E55944DFD}.Release|Any CPU.ActiveCfg = Release|Any CPU
		{2962AE2B-2055-40FF-9772-FE1E55944DFD}.Release|Any CPU.Build.0 = Release|Any CPU
		{D2B9BD68-BA9C-49A3-907E-7BD9877CD167}.Debug|Any CPU.ActiveCfg = Debug|Any CPU
		{D2B9BD68-BA9C-49A3-907E-7BD9877CD167}.Debug|Any CPU.Build.0 = Debug|Any CPU
		{D2B9BD68-BA9C-49A3-907E-7BD9877CD167}.Release|Any CPU.ActiveCfg = Release|Any CPU
		{D2B9BD68-BA9C-49A3-907E-7BD9877CD167}.Release|Any CPU.Build.0 = Release|Any CPU
	EndGlobalSection
	GlobalSection(SolutionProperties) = preSolution
		HideSolutionNode = FALSE
	EndGlobalSection
	GlobalSection(ExtensibilityGlobals) = postSolution
		SolutionGuid = {855597CC-E3EE-4B74-907B-4B0126633B83}
	EndGlobalSection
EndGlobal
